
Microsoft Visual Studio Solution File, Format Version 12.00
# Visual Studio Version 17
VisualStudioVersion = 17.4.33403.182
MinimumVisualStudioVersion = 10.0.40219.1
Project("{9A19103F-16F7-4668-BE54-9A1E7A4F7556}") = "WebpConverter", "WebpConverter\WebpConverter.csproj", "{BB10D5F1-82E0-4A5D-8640-C5DD4FDDDE9C}"
EndProject
Project("{2150E333-8FDC-42A3-9474-1A3956D46DE8}") = "ソリューション項目", "ソリューション項目", "{4E74C2CE-10C7-475B-BB01-B4E12F1337D5}"
	ProjectSection(SolutionItems) = preProject
		README.md = README.md
	EndProjectSection
EndProject
Project("{2150E333-8FDC-42A3-9474-1A3956D46DE8}") = "Image", "Image", "{102D1F7B-F3A3-4513-9050-4D6F4EA4E61A}"
	ProjectSection(SolutionItems) = preProject
		Image\01.png = Image\01.png
		Image\02.png = Image\02.png
	EndProjectSection
EndProject
Global
	GlobalSection(SolutionConfigurationPlatforms) = preSolution
		Debug|Any CPU = Debug|Any CPU
		Release|Any CPU = Release|Any CPU
	EndGlobalSection
	GlobalSection(ProjectConfigurationPlatforms) = postSolution
		{BB10D5F1-82E0-4A5D-8640-C5DD4FDDDE9C}.Debug|Any CPU.ActiveCfg = Debug|Any CPU
		{BB10D5F1-82E0-4A5D-8640-C5DD4FDDDE9C}.Debug|Any CPU.Build.0 = Debug|Any CPU
		{BB10D5F1-82E0-4A5D-8640-C5DD4FDDDE9C}.Release|Any CPU.ActiveCfg = Release|Any CPU
		{BB10D5F1-82E0-4A5D-8640-C5DD4FDDDE9C}.Release|Any CPU.Build.0 = Release|Any CPU
	EndGlobalSection
	GlobalSection(SolutionProperties) = preSolution
		HideSolutionNode = FALSE
	EndGlobalSection
	GlobalSection(NestedProjects) = preSolution
		{102D1F7B-F3A3-4513-9050-4D6F4EA4E61A} = {4E74C2CE-10C7-475B-BB01-B4E12F1337D5}
	EndGlobalSection
	GlobalSection(ExtensibilityGlobals) = postSolution
		SolutionGuid = {2A80D489-9C18-4CA3-8654-626DEB4E6238}
	EndGlobalSection
EndGlobal
